
Microsoft Visual Studio Solution File, Format Version 12.00
# Visual Studio Version 17
VisualStudioVersion = 17.0.31912.275
MinimumVisualStudioVersion = 10.0.40219.1
Project("{2150E333-8FDC-42A3-9474-1A3956D46DE8}") = "CQRS.Core", "CQRS.Core", "{78F537DB-6E0D-4D07-A782-FBB71509CA80}"
EndProject
Project("{FAE04EC0-301F-11D3-BF4B-00C04F79EFBC}") = "CQRS.Core", "CQRS.Core\CQRS.Core.csproj", "{447328A3-7F97-405D-9319-009AEE3AC071}"
EndProject
Project("{2150E333-8FDC-42A3-9474-1A3956D46DE8}") = "SM-Post", "SM-Post", "{61263869-CAB1-4214-962D-753458C663D5}"
EndProject
Project("{2150E333-8FDC-42A3-9474-1A3956D46DE8}") = "Post.Cmd", "Post.Cmd", "{31715E1C-F3E1-449D-A9B0-1BAB62AF44BF}"
EndProject
Project("{2150E333-8FDC-42A3-9474-1A3956D46DE8}") = "Post.Query", "Post.Query", "{D7FA4C56-5EDC-44A1-BE65-3DAE5E2F068B}"
EndProject
Project("{FAE04EC0-301F-11D3-BF4B-00C04F79EFBC}") = "Post.Cmd.API", "Post.Cmd.API\Post.Cmd.API.csproj", "{91FB1F20-7427-4A5B-9BFC-70525A9CA003}"
EndProject
Project("{FAE04EC0-301F-11D3-BF4B-00C04F79EFBC}") = "Post.Cmd.Domain", "Post.Cmd.Domain\Post.Cmd.Domain.csproj", "{3E408591-0BBB-4161-BAED-294E9F9A9EA6}"
EndProject
Project("{FAE04EC0-301F-11D3-BF4B-00C04F79EFBC}") = "Post.Cmd.Infrastructure", "Post.Cmd.Infrastructure\Post.Cmd.Infrastructure.csproj", "{81A029FF-D271-4312-AE77-C05A80BA00F3}"
EndProject
Project("{FAE04EC0-301F-11D3-BF4B-00C04F79EFBC}") = "Post.Query.API", "Post.Query.API\Post.Query.API.csproj", "{8BE302D3-5B60-4FB9-9B9C-E5C011E51A2E}"
EndProject
Project("{FAE04EC0-301F-11D3-BF4B-00C04F79EFBC}") = "Post.Query.Domain", "Post.Query.Domain\Post.Query.Domain.csproj", "{6843EE14-A8C1-4A61-A937-473DF1BF208C}"
EndProject
Project("{FAE04EC0-301F-11D3-BF4B-00C04F79EFBC}") = "Post.Query.Infrastructure", "Post.Query.Infrastructure\Post.Query.Infrastructure.csproj", "{D8C28763-6CD5-4D16-89D4-F31FDDFB1036}"
EndProject
Project("{2150E333-8FDC-42A3-9474-1A3956D46DE8}") = "Post.Common", "Post.Common", "{1D152F25-6230-48D2-9078-4B2245D4B342}"
EndProject
Project("{FAE04EC0-301F-11D3-BF4B-00C04F79EFBC}") = "Post.Common", "Post.Common\Post.Common.csproj", "{D32099D8-DAAE-4784-96BB-B1DF43079215}"
EndProject
Global
	GlobalSection(SolutionConfigurationPlatforms) = preSolution
		Debug|Any CPU = Debug|Any CPU
		Release|Any CPU = Release|Any CPU
	EndGlobalSection
	GlobalSection(ProjectConfigurationPlatforms) = postSolution
		{447328A3-7F97-405D-9319-009AEE3AC071}.Debug|Any CPU.ActiveCfg = Debug|Any CPU
		{447328A3-7F97-405D-9319-009AEE3AC071}.Debug|Any CPU.Build.0 = Debug|Any CPU
		{447328A3-7F97-405D-9319-009AEE3AC071}.Release|Any CPU.ActiveCfg = Release|Any CPU
		{447328A3-7F97-405D-9319-009AEE3AC071}.Release|Any CPU.Build.0 = Release|Any CPU
		{91FB1F20-7427-4A5B-9BFC-70525A9CA003}.Debug|Any CPU.ActiveCfg = Debug|Any CPU
		{91FB1F20-7427-4A5B-9BFC-70525A9CA003}.Debug|Any CPU.Build.0 = Debug|Any CPU
		{91FB1F20-7427-4A5B-9BFC-70525A9CA003}.Release|Any CPU.ActiveCfg = Release|Any CPU
		{91FB1F20-7427-4A5B-9BFC-70525A9CA003}.Release|Any CPU.Build.0 = Release|Any CPU
		{3E408591-0BBB-4161-BAED-294E9F9A9EA6}.Debug|Any CPU.ActiveCfg = Debug|Any CPU
		{3E408591-0BBB-4161-BAED-294E9F9A9EA6}.Debug|Any CPU.Build.0 = Debug|Any CPU
		{3E408591-0BBB-4161-BAED-294E9F9A9EA6}.Release|Any CPU.ActiveCfg = Release|Any CPU
		{3E408591-0BBB-4161-BAED-294E9F9A9EA6}.Release|Any CPU.Build.0 = Release|Any CPU
		{81A029FF-D271-4312-AE77-C05A80BA00F3}.Debug|Any CPU.ActiveCfg = Debug|Any CPU
		{81A029FF-D271-4312-AE77-C05A80BA00F3}.Debug|Any CPU.Build.0 = Debug|Any CPU
		{81A029FF-D271-4312-AE77-C05A80BA00F3}.Release|Any CPU.ActiveCfg = Release|Any CPU
		{81A029FF-D271-4312-AE77-C05A80BA00F3}.Release|Any CPU.Build.0 = Release|Any CPU
		{8BE302D3-5B60-4FB9-9B9C-E5C011E51A2E}.Debug|Any CPU.ActiveCfg = Debug|Any CPU
		{8BE302D3-5B60-4FB9-9B9C-E5C011E51A2E}.Debug|Any CPU.Build.0 = Debug|Any CPU
		{8BE302D3-5B60-4FB9-9B9C-E5C011E51A2E}.Release|Any CPU.ActiveCfg = Release|Any CPU
		{8BE302D3-5B60-4FB9-9B9C-E5C011E51A2E}.Release|Any CPU.Build.0 = Release|Any CPU
		{6843EE14-A8C1-4A61-A937-473DF1BF208C}.Debug|Any CPU.ActiveCfg = Debug|Any CPU
		{6843EE14-A8C1-4A61-A937-473DF1BF208C}.Debug|Any CPU.Build.0 = Debug|Any CPU
		{6843EE14-A8C1-4A61-A937-473DF1BF208C}.Release|Any CPU.ActiveCfg = Release|Any CPU
		{6843EE14-A8C1-4A61-A937-473DF1BF208C}.Release|Any CPU.Build.0 = Release|Any CPU
		{D8C28763-6CD5-4D16-89D4-F31FDDFB1036}.Debug|Any CPU.ActiveCfg = Debug|Any CPU
		{D8C28763-6CD5-4D16-89D4-F31FDDFB1036}.Debug|Any CPU.Build.0 = Debug|Any CPU
		{D8C28763-6CD5-4D16-89D4-F31FDDFB1036}.Release|Any CPU.ActiveCfg = Release|Any CPU
		{D8C28763-6CD5-4D16-89D4-F31FDDFB1036}.Release|Any CPU.Build.0 = Release|Any CPU
		{D32099D8-DAAE-4784-96BB-B1DF43079215}.Debug|Any CPU.ActiveCfg = Debug|Any CPU
		{D32099D8-DAAE-4784-96BB-B1DF43079215}.Debug|Any CPU.Build.0 = Debug|Any CPU
		{D32099D8-DAAE-4784-96BB-B1DF43079215}.Release|Any CPU.ActiveCfg = Release|Any CPU
		{D32099D8-DAAE-4784-96BB-B1DF43079215}.Release|Any CPU.Build.0 = Release|Any CPU
	EndGlobalSection
	GlobalSection(SolutionProperties) = preSolution
		HideSolutionNode = FALSE
	EndGlobalSection
	GlobalSection(NestedProjects) = preSolution
		{447328A3-7F97-405D-9319-009AEE3AC071} = {78F537DB-6E0D-4D07-A782-FBB71509CA80}
		{31715E1C-F3E1-449D-A9B0-1BAB62AF44BF} = {61263869-CAB1-4214-962D-753458C663D5}
		{D7FA4C56-5EDC-44A1-BE65-3DAE5E2F068B} = {61263869-CAB1-4214-962D-753458C663D5}
		{91FB1F20-7427-4A5B-9BFC-70525A9CA003} = {31715E1C-F3E1-449D-A9B0-1BAB62AF44BF}
		{3E408591-0BBB-4161-BAED-294E9F9A9EA6} = {31715E1C-F3E1-449D-A9B0-1BAB62AF44BF}
		{81A029FF-D271-4312-AE77-C05A80BA00F3} = {31715E1C-F3E1-449D-A9B0-1BAB62AF44BF}
		{8BE302D3-5B60-4FB9-9B9C-E5C011E51A2E} = {D7FA4C56-5EDC-44A1-BE65-3DAE5E2F068B}
		{6843EE14-A8C1-4A61-A937-473DF1BF208C} = {D7FA4C56-5EDC-44A1-BE65-3DAE5E2F068B}
		{D8C28763-6CD5-4D16-89D4-F31FDDFB1036} = {D7FA4C56-5EDC-44A1-BE65-3DAE5E2F068B}
		{1D152F25-6230-48D2-9078-4B2245D4B342} = {61263869-CAB1-4214-962D-753458C663D5}
		{D32099D8-DAAE-4784-96BB-B1DF43079215} = {1D152F25-6230-48D2-9078-4B2245D4B342}
	EndGlobalSection
	GlobalSection(ExtensibilityGlobals) = postSolution
		SolutionGuid = {986C6C6E-2220-4058-86F1-1B718989729D}
	EndGlobalSection
EndGlobal
